
Microsoft Visual Studio Solution File, Format Version 12.00
# Visual Studio Version 16
VisualStudioVersion = 16.0.29215.179
MinimumVisualStudioVersion = 10.0.40219.1
Project("{FAE04EC0-301F-11D3-BF4B-00C04F79EFBC}") = "dalzate1730ex1b", "dalzate1730ex1b\dalzate1730ex1b.csproj", "{F1FA5837-B0C5-4163-BF4B-324CA728FEDB}"
EndProject
Project("{FAE04EC0-301F-11D3-BF4B-00C04F79EFBC}") = "dalzate1c1", "dalzate1c1\dalzate1c1.csproj", "{6BB35F91-4101-45E1-8706-9F2C5D961944}"
EndProject
Project("{FAE04EC0-301F-11D3-BF4B-00C04F79EFBC}") = "dalzate1d1", "dalzate1d1\dalzate1d1.csproj", "{343D11CA-A22F-41F7-9C02-D00B9D2D1F51}"
EndProject
Project("{FAE04EC0-301F-11D3-BF4B-00C04F79EFBC}") = "dalzate1e1", "dalzate1e1\dalzate1e1.csproj", "{D02A4C34-EBE5-4E61-9237-88A4B5DF6EA1}"
EndProject
Project("{FAE04EC0-301F-11D3-BF4B-00C04F79EFBC}") = "dalzate1e2", "dalzate1e1.5\dalzate1e2.csproj", "{56634A7D-95E2-410F-8F57-ADB0E7BBE2C3}"
EndProject
Project("{FAE04EC0-301F-11D3-BF4B-00C04F79EFBC}") = "dalzate1f1", "dalzate1f1\dalzate1f1.csproj", "{2FF89677-30AA-45FE-94F0-18FD9D4186BA}"
EndProject
Project("{FAE04EC0-301F-11D3-BF4B-00C04F79EFBC}") = "dalzate1g1", "dalzate1g1\dalzate1g1.csproj", "{825B984C-8743-426B-B240-97C010F139BB}"
EndProject
Project("{FAE04EC0-301F-11D3-BF4B-00C04F79EFBC}") = "Variable Samp", "Variable Samp\Variable Samp.csproj", "{167145F3-5D92-49DD-9A0A-A7120A762AA3}"
EndProject
Project("{FAE04EC0-301F-11D3-BF4B-00C04F79EFBC}") = "dalzate2a1", "dalzate2a1\dalzate2a1.csproj", "{31DD3FCE-5394-42F9-94D1-866793F3D8E8}"
EndProject
Project("{FAE04EC0-301F-11D3-BF4B-00C04F79EFBC}") = "dalzate2b1", "dalzate2b1\dalzate2b1.csproj", "{03A3040B-9DD4-428E-8083-7DD6D6B11534}"
EndProject
Project("{FAE04EC0-301F-11D3-BF4B-00C04F79EFBC}") = "dalzate2c1", "dalzate2c1\dalzate2c1.csproj", "{3C00A566-7BFD-4B5F-9C4C-FCC069DA1E5A}"
EndProject
Project("{FAE04EC0-301F-11D3-BF4B-00C04F79EFBC}") = "dalzate2d1", "dalzate2d1\dalzate2d1.csproj", "{E368EB3F-48C4-47A6-B560-FDBA5B423BAE}"
EndProject
Project("{FAE04EC0-301F-11D3-BF4B-00C04F79EFBC}") = "dalzate2e1", "dalzate2e1\dalzate2e1.csproj", "{834037F5-0F4E-40C3-B3EA-B07C452F7529}"
EndProject
Project("{FAE04EC0-301F-11D3-BF4B-00C04F79EFBC}") = "dalzate2e1UnitTests", "dalzate 2e1UnitTests\dalzate2e1UnitTests.csproj", "{8AF60EB4-32A2-47C5-94FD-74180406D49C}"
EndProject
Project("{FAE04EC0-301F-11D3-BF4B-00C04F79EFBC}") = "dalzate2f1", "dalzate2f1\dalzate2f1.csproj", "{5E694AF5-397B-408A-AF0F-4B9AC9B54A71}"
EndProject
Project("{FAE04EC0-301F-11D3-BF4B-00C04F79EFBC}") = "dalzate2fUnitTests.cs", "dalzate2fUnitTests.cs\dalzate2fUnitTests.cs.csproj", "{68E2AF45-721D-4609-8022-18D6F85FE286}"
EndProject
Project("{FAE04EC0-301F-11D3-BF4B-00C04F79EFBC}") = "dalzate2g1", "dalzate2g1\dalzate2g1.csproj", "{DFBF93EB-CAD3-4486-A0F6-255ED46ABF6F}"
EndProject
Project("{FAE04EC0-301F-11D3-BF4B-00C04F79EFBC}") = "dalzate2gUnitTests", "dalzate2gUnitTests\dalzate2gUnitTests.csproj", "{F4342CB4-55BD-4386-A3E6-FCA7A488D60E}"
EndProject
Global
	GlobalSection(SolutionConfigurationPlatforms) = preSolution
		Debug|Any CPU = Debug|Any CPU
		Release|Any CPU = Release|Any CPU
	EndGlobalSection
	GlobalSection(ProjectConfigurationPlatforms) = postSolution
		{F1FA5837-B0C5-4163-BF4B-324CA728FEDB}.Debug|Any CPU.ActiveCfg = Debug|Any CPU
		{F1FA5837-B0C5-4163-BF4B-324CA728FEDB}.Debug|Any CPU.Build.0 = Debug|Any CPU
		{F1FA5837-B0C5-4163-BF4B-324CA728FEDB}.Release|Any CPU.ActiveCfg = Release|Any CPU
		{F1FA5837-B0C5-4163-BF4B-324CA728FEDB}.Release|Any CPU.Build.0 = Release|Any CPU
		{6BB35F91-4101-45E1-8706-9F2C5D961944}.Debug|Any CPU.ActiveCfg = Debug|Any CPU
		{6BB35F91-4101-45E1-8706-9F2C5D961944}.Debug|Any CPU.Build.0 = Debug|Any CPU
		{6BB35F91-4101-45E1-8706-9F2C5D961944}.Release|Any CPU.ActiveCfg = Release|Any CPU
		{6BB35F91-4101-45E1-8706-9F2C5D961944}.Release|Any CPU.Build.0 = Release|Any CPU
		{343D11CA-A22F-41F7-9C02-D00B9D2D1F51}.Debug|Any CPU.ActiveCfg = Debug|Any CPU
		{343D11CA-A22F-41F7-9C02-D00B9D2D1F51}.Debug|Any CPU.Build.0 = Debug|Any CPU
		{343D11CA-A22F-41F7-9C02-D00B9D2D1F51}.Release|Any CPU.ActiveCfg = Release|Any CPU
		{343D11CA-A22F-41F7-9C02-D00B9D2D1F51}.Release|Any CPU.Build.0 = Release|Any CPU
		{D02A4C34-EBE5-4E61-9237-88A4B5DF6EA1}.Debug|Any CPU.ActiveCfg = Debug|Any CPU
		{D02A4C34-EBE5-4E61-9237-88A4B5DF6EA1}.Debug|Any CPU.Build.0 = Debug|Any CPU
		{D02A4C34-EBE5-4E61-9237-88A4B5DF6EA1}.Release|Any CPU.ActiveCfg = Release|Any CPU
		{D02A4C34-EBE5-4E61-9237-88A4B5DF6EA1}.Release|Any CPU.Build.0 = Release|Any CPU
		{56634A7D-95E2-410F-8F57-ADB0E7BBE2C3}.Debug|Any CPU.ActiveCfg = Debug|Any CPU
		{56634A7D-95E2-410F-8F57-ADB0E7BBE2C3}.Debug|Any CPU.Build.0 = Debug|Any CPU
		{56634A7D-95E2-410F-8F57-ADB0E7BBE2C3}.Release|Any CPU.ActiveCfg = Release|Any CPU
		{56634A7D-95E2-410F-8F57-ADB0E7BBE2C3}.Release|Any CPU.Build.0 = Release|Any CPU
		{2FF89677-30AA-45FE-94F0-18FD9D4186BA}.Debug|Any CPU.ActiveCfg = Debug|Any CPU
		{2FF89677-30AA-45FE-94F0-18FD9D4186BA}.Debug|Any CPU.Build.0 = Debug|Any CPU
		{2FF89677-30AA-45FE-94F0-18FD9D4186BA}.Release|Any CPU.ActiveCfg = Release|Any CPU
		{2FF89677-30AA-45FE-94F0-18FD9D4186BA}.Release|Any CPU.Build.0 = Release|Any CPU
		{825B984C-8743-426B-B240-97C010F139BB}.Debug|Any CPU.ActiveCfg = Debug|Any CPU
		{825B984C-8743-426B-B240-97C010F139BB}.Debug|Any CPU.Build.0 = Debug|Any CPU
		{825B984C-8743-426B-B240-97C010F139BB}.Release|Any CPU.ActiveCfg = Release|Any CPU
		{825B984C-8743-426B-B240-97C010F139BB}.Release|Any CPU.Build.0 = Release|Any CPU
		{167145F3-5D92-49DD-9A0A-A7120A762AA3}.Debug|Any CPU.ActiveCfg = Debug|Any CPU
		{167145F3-5D92-49DD-9A0A-A7120A762AA3}.Debug|Any CPU.Build.0 = Debug|Any CPU
		{167145F3-5D92-49DD-9A0A-A7120A762AA3}.Release|Any CPU.ActiveCfg = Release|Any CPU
		{167145F3-5D92-49DD-9A0A-A7120A762AA3}.Release|Any CPU.Build.0 = Release|Any CPU
		{31DD3FCE-5394-42F9-94D1-866793F3D8E8}.Debug|Any CPU.ActiveCfg = Debug|Any CPU
		{31DD3FCE-5394-42F9-94D1-866793F3D8E8}.Debug|Any CPU.Build.0 = Debug|Any CPU
		{31DD3FCE-5394-42F9-94D1-866793F3D8E8}.Release|Any CPU.ActiveCfg = Release|Any CPU
		{31DD3FCE-5394-42F9-94D1-866793F3D8E8}.Release|Any CPU.Build.0 = Release|Any CPU
		{03A3040B-9DD4-428E-8083-7DD6D6B11534}.Debug|Any CPU.ActiveCfg = Debug|Any CPU
		{03A3040B-9DD4-428E-8083-7DD6D6B11534}.Debug|Any CPU.Build.0 = Debug|Any CPU
		{03A3040B-9DD4-428E-8083-7DD6D6B11534}.Release|Any CPU.ActiveCfg = Release|Any CPU
		{03A3040B-9DD4-428E-8083-7DD6D6B11534}.Release|Any CPU.Build.0 = Release|Any CPU
		{3C00A566-7BFD-4B5F-9C4C-FCC069DA1E5A}.Debug|Any CPU.ActiveCfg = Debug|Any CPU
		{3C00A566-7BFD-4B5F-9C4C-FCC069DA1E5A}.Debug|Any CPU.Build.0 = Debug|Any CPU
		{3C00A566-7BFD-4B5F-9C4C-FCC069DA1E5A}.Release|Any CPU.ActiveCfg = Release|Any CPU
		{3C00A566-7BFD-4B5F-9C4C-FCC069DA1E5A}.Release|Any CPU.Build.0 = Release|Any CPU
		{E368EB3F-48C4-47A6-B560-FDBA5B423BAE}.Debug|Any CPU.ActiveCfg = Debug|Any CPU
		{E368EB3F-48C4-47A6-B560-FDBA5B423BAE}.Debug|Any CPU.Build.0 = Debug|Any CPU
		{E368EB3F-48C4-47A6-B560-FDBA5B423BAE}.Release|Any CPU.ActiveCfg = Release|Any CPU
		{E368EB3F-48C4-47A6-B560-FDBA5B423BAE}.Release|Any CPU.Build.0 = Release|Any CPU
		{834037F5-0F4E-40C3-B3EA-B07C452F7529}.Debug|Any CPU.ActiveCfg = Debug|Any CPU
		{834037F5-0F4E-40C3-B3EA-B07C452F7529}.Debug|Any CPU.Build.0 = Debug|Any CPU
		{834037F5-0F4E-40C3-B3EA-B07C452F7529}.Release|Any CPU.ActiveCfg = Release|Any CPU
		{834037F5-0F4E-40C3-B3EA-B07C452F7529}.Release|Any CPU.Build.0 = Release|Any CPU
		{8AF60EB4-32A2-47C5-94FD-74180406D49C}.Debug|Any CPU.ActiveCfg = Debug|Any CPU
		{8AF60EB4-32A2-47C5-94FD-74180406D49C}.Debug|Any CPU.Build.0 = Debug|Any CPU
		{8AF60EB4-32A2-47C5-94FD-74180406D49C}.Release|Any CPU.ActiveCfg = Release|Any CPU
		{8AF60EB4-32A2-47C5-94FD-74180406D49C}.Release|Any CPU.Build.0 = Release|Any CPU
		{5E694AF5-397B-408A-AF0F-4B9AC9B54A71}.Debug|Any CPU.ActiveCfg = Debug|Any CPU
		{5E694AF5-397B-408A-AF0F-4B9AC9B54A71}.Debug|Any CPU.Build.0 = Debug|Any CPU
		{5E694AF5-397B-408A-AF0F-4B9AC9B54A71}.Release|Any CPU.ActiveCfg = Release|Any CPU
		{5E694AF5-397B-408A-AF0F-4B9AC9B54A71}.Release|Any CPU.Build.0 = Release|Any CPU
		{68E2AF45-721D-4609-8022-18D6F85FE286}.Debug|Any CPU.ActiveCfg = Debug|Any CPU
		{68E2AF45-721D-4609-8022-18D6F85FE286}.Debug|Any CPU.Build.0 = Debug|Any CPU
		{68E2AF45-721D-4609-8022-18D6F85FE286}.Release|Any CPU.ActiveCfg = Release|Any CPU
		{68E2AF45-721D-4609-8022-18D6F85FE286}.Release|Any CPU.Build.0 = Release|Any CPU
		{DFBF93EB-CAD3-4486-A0F6-255ED46ABF6F}.Debug|Any CPU.ActiveCfg = Debug|Any CPU
		{DFBF93EB-CAD3-4486-A0F6-255ED46ABF6F}.Debug|Any CPU.Build.0 = Debug|Any CPU
		{DFBF93EB-CAD3-4486-A0F6-255ED46ABF6F}.Release|Any CPU.ActiveCfg = Release|Any CPU
		{DFBF93EB-CAD3-4486-A0F6-255ED46ABF6F}.Release|Any CPU.Build.0 = Release|Any CPU
		{F4342CB4-55BD-4386-A3E6-FCA7A488D60E}.Debug|Any CPU.ActiveCfg = Debug|Any CPU
		{F4342CB4-55BD-4386-A3E6-FCA7A488D60E}.Debug|Any CPU.Build.0 = Debug|Any CPU
		{F4342CB4-55BD-4386-A3E6-FCA7A488D60E}.Release|Any CPU.ActiveCfg = Release|Any CPU
		{F4342CB4-55BD-4386-A3E6-FCA7A488D60E}.Release|Any CPU.Build.0 = Release|Any CPU
	EndGlobalSection
	GlobalSection(SolutionProperties) = preSolution
		HideSolutionNode = FALSE
	EndGlobalSection
	GlobalSection(ExtensibilityGlobals) = postSolution
		SolutionGuid = {9C784B47-5A9E-4785-BAA3-66B55CC008E0}
	EndGlobalSection
EndGlobal
